# Generated by cddl-map; update with --update-lock.
---
version: 1
documents:
  rfc9052:
    source: rfc:9052
    sha256: ac01ae15ffb3f1719749f72fb1571addbd3dea383cbb399497c5ad911880a37c
  rfc9360:
    source: rfc:9360
    sha256: 6e844462ecb54b04f220e17a4dc8c0e8a8afd2d7b46eaec01f68b5030a1d2ead
  rfc9942:
    source: rfc:9942
    sha256: 3281f1fcf0776c5ea942480d178eb4c42cb6ff8a54ebc664b5017ad6fbe5bf9f
  rfc9943:
    source: rfc:9943
    sha256: ec6d9a470d5ed911987d0e79851eadf8cc292eaa810a87ef5fc36a670d6c02ea
  rfc9995:
    source: rfc:9995
    sha256: e70072e429e838fabd4f1fee9a322cc23d30ab760da97170e0e5b86c892b884c
selections:
  cddl:rfc9052-headers:
    document: rfc9052
    selector:
      section:
        anchor: header-parameters
      block:
        type: cddl
        all: true
    blocks:
    - kind: sourcecode
      section:
        anchor: header-parameters
        pn: section-3
      block:
        pn: section-3-9
        type: cddl
      position: 1
      sha256: a1bbbc628df0f774e9f8315efc12103858110481efee5ed7fe09a30975e4d30f
    - kind: sourcecode
      section:
        anchor: header-parameters
        pn: section-3
      block:
        pn: section-3.1-6
        type: cddl
      position: 2
      sha256: 363e84ba0778cf4848b73d2a84ab6c758948cad690469db2caa2e71b5d1e5b8e
  cddl:rfc9052-labels:
    document: rfc9052
    selector:
      section:
        anchor: label
      block:
        type: cddl
    blocks:
    - kind: sourcecode
      section:
        anchor: label
        pn: section-1.5
      block:
        pn: section-1.5-4
        type: cddl
      position: 1
      sha256: b18edb8919df1be958188bbebace4cc7f0dd2dd0396e597deeb22e3f0a50a8c5
  cddl:rfc9052-sign1:
    document: rfc9052
    selector:
      section:
        pn: section-4.2
      block:
        type: cddl
        all: true
    blocks:
    - kind: sourcecode
      section:
        pn: section-4.2
      block:
        pn: section-4.2-3
        type: cddl
      position: 1
      sha256: 29439028f9f5f84915784b59692086b049f80a77f3089523fc59d0a32e48047e
    - kind: sourcecode
      section:
        pn: section-4.2
      block:
        pn: section-4.2-8
        type: cddl
      position: 2
      sha256: 5aefac699418bbe216e032a42849e52e8519dd716cba4b358e12124ba58d4f9f
  cddl:rfc9360-x509:
    document: rfc9360
    selector:
      section:
        anchor: sect-2
      block:
        pn: section-2-11
    blocks:
    - kind: sourcecode
      section:
        anchor: sect-2
        pn: section-2
      block:
        name: ''
        pn: section-2-11
        type: cddl
      position: 1
      sha256: 7b20e974f93704e54e5d1311cc0686ee1fdf468e06677021d58b0f2695c245b7
  cddl:rfc9942-receipts:
    document: rfc9942
    selector:
      section:
        anchor: receipt-spec
      block:
        type: cddl
    blocks:
    - kind: sourcecode
      section:
        anchor: receipt-spec
        pn: section-4.3
      block:
        pn: section-4.3-5.1
        type: cddl
      position: 1
      sha256: 29d6d715d6526fc3b33be1919e3580a595aa489c774affd1524dc013adae6d3b
  cddl:rfc9943-signed-statement:
    document: rfc9943
    selector:
      section:
        anchor: sec-signed-statement-examples
      block:
        type: cddl
    blocks:
    - kind: sourcecode
      section:
        anchor: sec-signed-statement-examples
        pn: section-6.1
      block:
        pn: section-6.1-3.1
        type: cddl
      position: 1
      sha256: 47a824af7a507948196e4af7432a7f6bbecbf208fc401e91e3c114ec87e3d6e4
  cddl:rfc9943-transparent-statement:
    document: rfc9943
    selector:
      section:
        anchor: Receipt
      block:
        type: cddl
    blocks:
    - kind: sourcecode
      section:
        anchor: Receipt
        pn: section-7
      block:
        pn: section-7-6.1
        type: cddl
      position: 1
      sha256: 6c942432b0da97af59f8654b6e441c695a3b39ebc70acada233e434814304a11
  cddl:rfc9995-hash-envelope:
    document: rfc9995
    selector:
      section:
        anchor: hash-envelope-cddl
      block:
        type: cddl
    blocks:
    - kind: sourcecode
      section:
        anchor: hash-envelope-cddl
        pn: section-4
      block:
        pn: section-4-1
        type: cddl
      position: 1
      sha256: 19b7f997701ffc2cd00b161456848426bc72c997b5ad408b7807d942ee26cc64
  edn:rfc9942-receipt:
    document: rfc9942
    selector:
      section:
        anchor: receipt-spec
      block:
        type: cbor-diag
    blocks:
    - kind: sourcecode
      section:
        anchor: receipt-spec
        pn: section-4.3
      block:
        pn: section-4.3-7.1
        type: cbor-diag
      position: 2
      sha256: c7b27f3a97090b2c20dccc88ca07b3d2c8a9626d50f2cc216cbeb6434d580c71
  edn:rfc9943-signed-statement:
    document: rfc9943
    selector:
      section:
        anchor: sec-signed-statement-examples
      block:
        type: cbor-diag
        ordinal: 1
    blocks:
    - kind: sourcecode
      section:
        anchor: sec-signed-statement-examples
        pn: section-6.1
      block:
        pn: section-6.1-5.1
        type: cbor-diag
      position: 2
      sha256: d947d81710c64a3212338d385c8b35e14aa97099861e6bd6274b5fed3df8a802
  edn:rfc9943-transparent-statement:
    document: rfc9943
    selector:
      section:
        anchor: Receipt
      block:
        type: cbor-diag
        ordinal: 1
    blocks:
    - kind: sourcecode
      section:
        anchor: Receipt
        pn: section-7
      block:
        pn: section-7-8.1
        type: cbor-diag
      position: 2
      sha256: c9329858a2cce73458a5046216d67b690e71c982d91c9586a2ed9b815451cf73
  edn:rfc9995-hash-envelope:
    document: rfc9995
    selector:
      section:
        anchor: envelope-extended-diagnostic-notation
      block:
        type: cbor-diag
    blocks:
    - kind: sourcecode
      section:
        anchor: envelope-extended-diagnostic-notation
        pn: section-4.1
      block:
        pn: section-4.1-2
        type: cbor-diag
      position: 1
      sha256: 4567a237ebd5c63195b60c85e5334dc3557de4ad3b542376c343adbc31cffa52
